
Microsoft Visual Studio Solution File, Format Version 12.00
# Visual Studio Version 16
VisualStudioVersion = 16.0.33130.400
MinimumVisualStudioVersion = 10.0.40219.1
Project("{FAE04EC0-301F-11D3-BF4B-00C04F79EFBC}") = "DataClock", "DataClock\DataClock.csproj", "{284D7CC1-95E0-4A79-9A2C-FC57790F9628}"
EndProject
Global
	GlobalSection(SolutionConfigurationPlatforms) = preSolution
		Debug|Any CPU = Debug|Any CPU
		Release|Any CPU = Release|Any CPU
	EndGlobalSection
	GlobalSection(ProjectConfigurationPlatforms) = postSolution
		{284D7CC1-95E0-4A79-9A2C-FC57790F9628}.Debug|Any CPU.ActiveCfg = Debug|Any CPU
		{284D7CC1-95E0-4A79-9A2C-FC57790F9628}.Debug|Any CPU.Build.0 = Debug|Any CPU
		{284D7CC1-95E0-4A79-9A2C-FC57790F9628}.Release|Any CPU.ActiveCfg = Release|Any CPU
		{284D7CC1-95E0-4A79-9A2C-FC57790F9628}.Release|Any CPU.Build.0 = Release|Any CPU
	EndGlobalSection
	GlobalSection(SolutionProperties) = preSolution
		HideSolutionNode = FALSE
	EndGlobalSection
	GlobalSection(ExtensibilityGlobals) = postSolution
		SolutionGuid = {689241D9-571B-49E6-A634-F92BE32AB6F8}
	EndGlobalSection
EndGlobal
